
Microsoft Visual Studio Solution File, Format Version 12.00
# Visual Studio Version 16
VisualStudioVersion = 16.0.29709.97
MinimumVisualStudioVersion = 10.0.40219.1
Project("{FAE04EC0-301F-11D3-BF4B-00C04F79EFBC}") = "Mashinki", "Mashinki\Mashinki.csproj", "{D942933F-5648-4AD8-9FD1-7BDC627922A9}"
EndProject
Global
	GlobalSection(SolutionConfigurationPlatforms) = preSolution
		Debug|Any CPU = Debug|Any CPU
		Release|Any CPU = Release|Any CPU
	EndGlobalSection
	GlobalSection(ProjectConfigurationPlatforms) = postSolution
		{D942933F-5648-4AD8-9FD1-7BDC627922A9}.Debug|Any CPU.ActiveCfg = Debug|Any CPU
		{D942933F-5648-4AD8-9FD1-7BDC627922A9}.Debug|Any CPU.Build.0 = Debug|Any CPU
		{D942933F-5648-4AD8-9FD1-7BDC627922A9}.Release|Any CPU.ActiveCfg = Release|Any CPU
		{D942933F-5648-4AD8-9FD1-7BDC627922A9}.Release|Any CPU.Build.0 = Release|Any CPU
	EndGlobalSection
	GlobalSection(SolutionProperties) = preSolution
		HideSolutionNode = FALSE
	EndGlobalSection
	GlobalSection(ExtensibilityGlobals) = postSolution
		SolutionGuid = {FC6C453F-3535-4828-A1EC-60334229FEF9}
	EndGlobalSection
EndGlobal
